// !$*UTF8*$!
{
	archiveVersion = 1;
	classes = {
	};
	objectVersion = 46;
	objects = {

/* Begin PBXBuildFile section */
		CFE401BC1BD0442500349476 /* main.m in Sources */ = {isa = PBXBuildFile; fileRef = CFE401BB1BD0442500349476 /* main.m */; };
		CFE401BF1BD0442500349476 /* AppDelegate.m in Sources */ = {isa = PBXBuildFile; fileRef = CFE401BE1BD0442500349476 /* AppDelegate.m */; };
		CFE401C21BD0442500349476 /* ViewController.m in Sources */ = {isa = PBXBuildFile; fileRef = CFE401C11BD0442500349476 /* ViewController.m */; };
		CFE401C51BD0442500349476 /* Main.storyboard in Resources */ = {isa = PBXBuildFile; fileRef = CFE401C31BD0442500349476 /* Main.storyboard */; };
		CFE401C71BD0442500349476 /* Assets.xcassets in Resources */ = {isa = PBXBuildFile; fileRef = CFE401C61BD0442500349476 /* Assets.xcassets */; };
		CFE401CA1BD0442500349476 /* LaunchScreen.storyboard in Resources */ = {isa = PBXBuildFile; fileRef = CFE401C81BD0442500349476 /* LaunchScreen.storyboard */; };
		CFE401D41BD044B000349476 /* image.jpg in Resources */ = {isa = PBXBuildFile; fileRef = CFE401D31BD044B000349476 /* image.jpg */; settings = {ASSET_TAGS = (); }; };
		CFE401D61BD04A0400349476 /* Triangle_Search-3.png in Resources */ = {isa = PBXBuildFile; fileRef = CFE401D51BD04A0400349476 /* Triangle_Search-3.png */; settings = {ASSET_TAGS = (); }; };
		CFE401D81BD04A3500349476 /* Left.png in Resources */ = {isa = PBXBuildFile; fileRef = CFE401D71BD04A3500349476 /* Left.png */; settings = {ASSET_TAGS = (); }; };
		CFE401DA1BD04A6700349476 /* Geo-fence-100-1.png in Resources */ = {isa = PBXBuildFile; fileRef = CFE401D91BD04A6700349476 /* Geo-fence-100-1.png */; settings = {ASSET_TAGS = (); }; };
		CFE401DC1BD04A7A00349476 /* Calendar-100.png in Resources */ = {isa = PBXBuildFile; fileRef = CFE401DB1BD04A7A00349476 /* Calendar-100.png */; settings = {ASSET_TAGS = (); }; };
		CFE401DE1BD04A9900349476 /* expandGlyph.png in Resources */ = {isa = PBXBuildFile; fileRef = CFE401DD1BD04A9900349476 /* expandGlyph.png */; settings = {ASSET_TAGS = (); }; };
/* End PBXBuildFile section */

/* Begin PBXFileReference section */
		CFE401B71BD0442500349476 /* TestC.app */ = {isa = PBXFileReference; explicitFileType = wrapper.application; includeInIndex = 0; path = TestC.app; sourceTree = BUILT_PRODUCTS_DIR; };
		CFE401BB1BD0442500349476 /* main.m */ = {isa = PBXFileReference; lastKnownFileType = sourcecode.c.objc; path = main.m; sourceTree = "<group>"; };
		CFE401BD1BD0442500349476 /* AppDelegate.h */ = {isa = PBXFileReference; lastKnownFileType = sourcecode.c.h; path = AppDelegate.h; sourceTree = "<group>"; };
		CFE401BE1BD0442500349476 /* AppDelegate.m */ = {isa = PBXFileReference; lastKnownFileType = sourcecode.c.objc; path = AppDelegate.m; sourceTree = "<group>"; };
		CFE401C01BD0442500349476 /* ViewController.h */ = {isa = PBXFileReference; lastKnownFileType = sourcecode.c.h; path = ViewController.h; sourceTree = "<group>"; };
		CFE401C11BD0442500349476 /* ViewController.m */ = {isa = PBXFileReference; lastKnownFileType = sourcecode.c.objc; path = ViewController.m; sourceTree = "<group>"; };
		CFE401C41BD0442500349476 /* Base */ = {isa = PBXFileReference; lastKnownFileType = file.storyboard; name = Base; path = Base.lproj/Main.storyboard; sourceTree = "<group>"; };
		CFE401C61BD0442500349476 /* Assets.xcassets */ = {isa = PBXFileReference; lastKnownFileType = folder.assetcatalog; path = Assets.xcassets; sourceTree = "<group>"; };
		CFE401C91BD0442500349476 /* Base */ = {isa = PBXFileReference; lastKnownFileType = file.storyboard; name = Base; path = Base.lproj/LaunchScreen.storyboard; sourceTree = "<group>"; };
		CFE401CB1BD0442500349476 /* Info.plist */ = {isa = PBXFileReference; lastKnownFileType = text.plist.xml; path = Info.plist; sourceTree = "<group>"; };
		CFE401D31BD044B000349476 /* image.jpg */ = {isa = PBXFileReference; lastKnownFileType = image.jpeg; name = image.jpg; path = Resources/Images/image.jpg; sourceTree = SOURCE_ROOT; };
		CFE401D51BD04A0400349476 /* Triangle_Search-3.png */ = {isa = PBXFileReference; lastKnownFileType = image.png; path = "Triangle_Search-3.png"; sourceTree = "<group>"; };
		CFE401D71BD04A3500349476 /* Left.png */ = {isa = PBXFileReference; lastKnownFileType = image.png; path = Left.png; sourceTree = "<group>"; };
		CFE401D91BD04A6700349476 /* Geo-fence-100-1.png */ = {isa = PBXFileReference; lastKnownFileType = image.png; path = "Geo-fence-100-1.png"; sourceTree = "<group>"; };
		CFE401DB1BD04A7A00349476 /* Calendar-100.png */ = {isa = PBXFileReference; lastKnownFileType = image.png; path = "Calendar-100.png"; sourceTree = "<group>"; };
		CFE401DD1BD04A9900349476 /* expandGlyph.png */ = {isa = PBXFileReference; lastKnownFileType = image.png; path = expandGlyph.png; sourceTree = "<group>"; };
/* End PBXFileReference section */

/* Begin PBXFrameworksBuildPhase section */
		CFE401B41BD0442500349476 /* Frameworks */ = {
			isa = PBXFrameworksBuildPhase;
			buildActionMask = 2147483647;
			files = (
			);
			runOnlyForDeploymentPostprocessing = 0;
		};
/* End PBXFrameworksBuildPhase section */

/* Begin PBXGroup section */
		CFE401AE1BD0442500349476 = {
			isa = PBXGroup;
			children = (
				CFE401B91BD0442500349476 /* TestC */,
				CFE401B81BD0442500349476 /* Products */,
			);
			sourceTree = "<group>";
		};
		CFE401B81BD0442500349476 /* Products */ = {
			isa = PBXGroup;
			children = (
				CFE401B71BD0442500349476 /* TestC.app */,
			);
			name = Products;
			sourceTree = "<group>";
		};
		CFE401B91BD0442500349476 /* TestC */ = {
			isa = PBXGroup;
			children = (
				CFE401D11BD0442E00349476 /* Resources */,
				CFE401BD1BD0442500349476 /* AppDelegate.h */,
				CFE401BE1BD0442500349476 /* AppDelegate.m */,
				CFE401C01BD0442500349476 /* ViewController.h */,
				CFE401C11BD0442500349476 /* ViewController.m */,
				CFE401C31BD0442500349476 /* Main.storyboard */,
				CFE401C61BD0442500349476 /* Assets.xcassets */,
				CFE401C81BD0442500349476 /* LaunchScreen.storyboard */,
				CFE401CB1BD0442500349476 /* Info.plist */,
				CFE401BA1BD0442500349476 /* Supporting Files */,
			);
			path = TestC;
			sourceTree = "<group>";
		};
		CFE401BA1BD0442500349476 /* Supporting Files */ = {
			isa = PBXGroup;
			children = (
				CFE401BB1BD0442500349476 /* main.m */,
			);
			name = "Supporting Files";
			sourceTree = "<group>";
		};
		CFE401D11BD0442E00349476 /* Resources */ = {
			isa = PBXGroup;
			children = (
				CFE401D21BD0443C00349476 /* Images */,
			);
			name = Resources;
			sourceTree = "<group>";
		};
		CFE401D21BD0443C00349476 /* Images */ = {
			isa = PBXGroup;
			children = (
				CFE401D31BD044B000349476 /* image.jpg */,
				CFE401D51BD04A0400349476 /* Triangle_Search-3.png */,
				CFE401D71BD04A3500349476 /* Left.png */,
				CFE401D91BD04A6700349476 /* Geo-fence-100-1.png */,
				CFE401DB1BD04A7A00349476 /* Calendar-100.png */,
				CFE401DD1BD04A9900349476 /* expandGlyph.png */,
			);
			name = Images;
			sourceTree = "<group>";
		};
/* End PBXGroup section */

/* Begin PBXNativeTarget section */
		CFE401B61BD0442500349476 /* TestC */ = {
			isa = PBXNativeTarget;
			buildConfigurationList = CFE401CE1BD0442500349476 /* Build configuration list for PBXNativeTarget "TestC" */;
			buildPhases = (
				CFE401B31BD0442500349476 /* Sources */,
				CFE401B41BD0442500349476 /* Frameworks */,
				CFE401B51BD0442500349476 /* Resources */,
			);
			buildRules = (
			);
			dependencies = (
			);
			name = TestC;
			productName = TestC;
			productReference = CFE401B71BD0442500349476 /* TestC.app */;
			productType = "com.apple.product-type.application";
		};
/* End PBXNativeTarget section */

/* Begin PBXProject section */
		CFE401AF1BD0442500349476 /* Project object */ = {
			isa = PBXProject;
			attributes = {
				LastUpgradeCheck = 0700;
				ORGANIZATIONNAME = Alex;
				TargetAttributes = {
					CFE401B61BD0442500349476 = {
						CreatedOnToolsVersion = 7.0.1;
					};
				};
			};
			buildConfigurationList = CFE401B21BD0442500349476 /* Build configuration list for PBXProject "TestC" */;
			compatibilityVersion = "Xcode 3.2";
			developmentRegion = English;
			hasScannedForEncodings = 0;
			knownRegions = (
				en,
				Base,
			);
			mainGroup = CFE401AE1BD0442500349476;
			productRefGroup = CFE401B81BD0442500349476 /* Products */;
			projectDirPath = "";
			projectRoot = "";
			targets = (
				CFE401B61BD0442500349476 /* TestC */,
			);
		};
/* End PBXProject section */

/* Begin PBXResourcesBuildPhase section */
		CFE401B51BD0442500349476 /* Resources */ = {
			isa = PBXResourcesBuildPhase;
			buildActionMask = 2147483647;
			files = (
				CFE401DE1BD04A9900349476 /* expandGlyph.png in Resources */,
				CFE401D81BD04A3500349476 /* Left.png in Resources */,
				CFE401CA1BD0442500349476 /* LaunchScreen.storyboard in Resources */,
				CFE401D41BD044B000349476 /* image.jpg in Resources */,
				CFE401DC1BD04A7A00349476 /* Calendar-100.png in Resources */,
				CFE401DA1BD04A6700349476 /* Geo-fence-100-1.png in Resources */,
				CFE401D61BD04A0400349476 /* Triangle_Search-3.png in Resources */,
				CFE401C71BD0442500349476 /* Assets.xcassets in Resources */,
				CFE401C51BD0442500349476 /* Main.storyboard in Resources */,
			);
			runOnlyForDeploymentPostprocessing = 0;
		};
/* End PBXResourcesBuildPhase section */

/* Begin PBXSourcesBuildPhase section */
		CFE401B31BD0442500349476 /* Sources */ = {
			isa = PBXSourcesBuildPhase;
			buildActionMask = 2147483647;
			files = (
				CFE401C21BD0442500349476 /* ViewController.m in Sources */,
				CFE401BF1BD0442500349476 /* AppDelegate.m in Sources */,
				CFE401BC1BD0442500349476 /* main.m in Sources */,
			);
			runOnlyForDeploymentPostprocessing = 0;
		};
/* End PBXSourcesBuildPhase section */

/* Begin PBXVariantGroup section */
		CFE401C31BD0442500349476 /* Main.storyboard */ = {
			isa = PBXVariantGroup;
			children = (
				CFE401C41BD0442500349476 /* Base */,
			);
			name = Main.storyboard;
			sourceTree = "<group>";
		};
		CFE401C81BD0442500349476 /* LaunchScreen.storyboard */ = {
			isa = PBXVariantGroup;
			children = (
				CFE401C91BD0442500349476 /* Base */,
			);
			name = LaunchScreen.storyboard;
			sourceTree = "<group>";
		};
/* End PBXVariantGroup section */

/* Begin XCBuildConfiguration section */
		CFE401CC1BD0442500349476 /* Debug */ = {
			isa = XCBuildConfiguration;
			buildSettings = {
				ALWAYS_SEARCH_USER_PATHS = NO;
				CLANG_CXX_LANGUAGE_STANDARD = "gnu++0x";
				CLANG_CXX_LIBRARY = "libc++";
				CLANG_ENABLE_MODULES = YES;
				CLANG_ENABLE_OBJC_ARC = YES;
				CLANG_WARN_BOOL_CONVERSION = YES;
				CLANG_WARN_CONSTANT_CONVERSION = YES;
				CLANG_WARN_DIRECT_OBJC_ISA_USAGE = YES_ERROR;
				CLANG_WARN_EMPTY_BODY = YES;
				CLANG_WARN_ENUM_CONVERSION = YES;
				CLANG_WARN_INT_CONVERSION = YES;
				CLANG_WARN_OBJC_ROOT_CLASS = YES_ERROR;
				CLANG_WARN_UNREACHABLE_CODE = YES;
				CLANG_WARN__DUPLICATE_METHOD_MATCH = YES;
				"CODE_SIGN_IDENTITY[sdk=iphoneos*]" = "iPhone Developer";
				COPY_PHASE_STRIP = NO;
				DEBUG_INFORMATION_FORMAT = dwarf;
				ENABLE_STRICT_OBJC_MSGSEND = YES;
				ENABLE_TESTABILITY = YES;
				GCC_C_LANGUAGE_STANDARD = gnu99;
				GCC_DYNAMIC_NO_PIC = NO;
				GCC_NO_COMMON_BLOCKS = YES;
				GCC_OPTIMIZATION_LEVEL = 0;
				GCC_PREPROCESSOR_DEFINITIONS = (
					"DEBUG=1",
					"$(inherited)",
				);
				GCC_WARN_64_TO_32_BIT_CONVERSION = YES;
				GCC_WARN_ABOUT_RETURN_TYPE = YES_ERROR;
				GCC_WARN_UNDECLARED_SELECTOR = YES;
				GCC_WARN_UNINITIALIZED_AUTOS = YES_AGGRESSIVE;
				GCC_WARN_UNUSED_FUNCTION = YES;
				GCC_WARN_UNUSED_VARIABLE = YES;
				IPHONEOS_DEPLOYMENT_TARGET = 9.0;
				MTL_ENABLE_DEBUG_INFO = YES;
				ONLY_ACTIVE_ARCH = YES;
				SDKROOT = iphoneos;
			};
			name = Debug;
		};
		CFE401CD1BD0442500349476 /* Release */ = {
			isa = XCBuildConfiguration;
			buildSettings = {
				ALWAYS_SEARCH_USER_PATHS = NO;
				CLANG_CXX_LANGUAGE_STANDARD = "gnu++0x";
				CLANG_CXX_LIBRARY = "libc++";
				CLANG_ENABLE_MODULES = YES;
				CLANG_ENABLE_OBJC_ARC = YES;
				CLANG_WARN_BOOL_CONVERSION = YES;
				CLANG_WARN_CONSTANT_CONVERSION = YES;
				CLANG_WARN_DIRECT_OBJC_ISA_USAGE = YES_ERROR;
				CLANG_WARN_EMPTY_BODY = YES;
				CLANG_WARN_ENUM_CONVERSION = YES;
				CLANG_WARN_INT_CONVERSION = YES;
				CLANG_WARN_OBJC_ROOT_CLASS = YES_ERROR;
				CLANG_WARN_UNREACHABLE_CODE = YES;
				CLANG_WARN__DUPLICATE_METHOD_MATCH = YES;
				"CODE_SIGN_IDENTITY[sdk=iphoneos*]" = "iPhone Developer";
				COPY_PHASE_STRIP = NO;
				DEBUG_INFORMATION_FORMAT = "dwarf-with-dsym";
				ENABLE_NS_ASSERTIONS = NO;
				ENABLE_STRICT_OBJC_MSGSEND = YES;
				GCC_C_LANGUAGE_STANDARD = gnu99;
				GCC_NO_COMMON_BLOCKS = YES;
				GCC_WARN_64_TO_32_BIT_CONVERSION = YES;
				GCC_WARN_ABOUT_RETURN_TYPE = YES_ERROR;
				GCC_WARN_UNDECLARED_SELECTOR = YES;
				GCC_WARN_UNINITIALIZED_AUTOS = YES_AGGRESSIVE;
				GCC_WARN_UNUSED_FUNCTION = YES;
				GCC_WARN_UNUSED_VARIABLE = YES;
				IPHONEOS_DEPLOYMENT_TARGET = 9.0;
				MTL_ENABLE_DEBUG_INFO = NO;
				SDKROOT = iphoneos;
				VALIDATE_PRODUCT = YES;
			};
			name = Release;
		};
		CFE401CF1BD0442500349476 /* Debug */ = {
			isa = XCBuildConfiguration;
			buildSettings = {
				ASSETCATALOG_COMPILER_APPICON_NAME = AppIcon;
				INFOPLIST_FILE = TestC/Info.plist;
				LD_RUNPATH_SEARCH_PATHS = "$(inherited) @executable_path/Frameworks";
				PRODUCT_BUNDLE_IDENTIFIER = TacoCorp.TestC;
				PRODUCT_NAME = "$(TARGET_NAME)";
			};
			name = Debug;
		};
		CFE401D01BD0442500349476 /* Release */ = {
			isa = XCBuildConfiguration;
			buildSettings = {
				ASSETCATALOG_COMPILER_APPICON_NAME = AppIcon;
				INFOPLIST_FILE = TestC/Info.plist;
				LD_RUNPATH_SEARCH_PATHS = "$(inherited) @executable_path/Frameworks";
				PRODUCT_BUNDLE_IDENTIFIER = TacoCorp.TestC;
				PRODUCT_NAME = "$(TARGET_NAME)";
			};
			name = Release;
		};
/* End XCBuildConfiguration section */

/* Begin XCConfigurationList section */
		CFE401B21BD0442500349476 /* Build configuration list for PBXProject "TestC" */ = {
			isa = XCConfigurationList;
			buildConfigurations = (
				CFE401CC1BD0442500349476 /* Debug */,
				CFE401CD1BD0442500349476 /* Release */,
			);
			defaultConfigurationIsVisible = 0;
			defaultConfigurationName = Release;
		};
		CFE401CE1BD0442500349476 /* Build configuration list for PBXNativeTarget "TestC" */ = {
			isa = XCConfigurationList;
			buildConfigurations = (
				CFE401CF1BD0442500349476 /* Debug */,
				CFE401D01BD0442500349476 /* Release */,
			);
			defaultConfigurationIsVisible = 0;
		};
/* End XCConfigurationList section */
	};
	rootObject = CFE401AF1BD0442500349476 /* Project object */;
}
